// !$*UTF8*$!
{
	archiveVersion = 1;
	classes = {
	};
	objectVersion = 48;
	objects = {

/* Begin PBXBuildFile section */
		82D51559202B07C700CB44E1 /* main.cpp in Sources */ = {isa = PBXBuildFile; fileRef = 82D51558202B07C700CB44E1 /* main.cpp */; };
		82D51563202B165D00CB44E1 /* temperature.cpp in Sources */ = {isa = PBXBuildFile; fileRef = 82D51561202B165D00CB44E1 /* temperature.cpp */; };
		82D51567202B1F4A00CB44E1 /* length.cpp in Sources */ = {isa = PBXBuildFile; fileRef = 82D51565202B1F4A00CB44E1 /* length.cpp */; };
/* End PBXBuildFile section */

/* Begin PBXCopyFilesBuildPhase section */
		82D51553202B07C700CB44E1 /* CopyFiles */ = {
			isa = PBXCopyFilesBuildPhase;
			buildActionMask = 2147483647;
			dstPath = /usr/share/man/man1/;
			dstSubfolderSpec = 0;
			files = (
			);
			runOnlyForDeploymentPostprocessing = 1;
		};
/* End PBXCopyFilesBuildPhase section */

/* Begin PBXFileReference section */
		82D51555202B07C700CB44E1 /* sample02 */ = {isa = PBXFileReference; explicitFileType = "compiled.mach-o.executable"; includeInIndex = 0; path = sample02; sourceTree = BUILT_PRODUCTS_DIR; };
		82D51558202B07C700CB44E1 /* main.cpp */ = {isa = PBXFileReference; lastKnownFileType = sourcecode.cpp.cpp; path = main.cpp; sourceTree = "<group>"; };
		82D51561202B165D00CB44E1 /* temperature.cpp */ = {isa = PBXFileReference; lastKnownFileType = sourcecode.cpp.cpp; path = temperature.cpp; sourceTree = "<group>"; };
		82D51562202B165D00CB44E1 /* temperature.hpp */ = {isa = PBXFileReference; lastKnownFileType = sourcecode.cpp.h; path = temperature.hpp; sourceTree = "<group>"; };
		82D51564202B169500CB44E1 /* config.h */ = {isa = PBXFileReference; lastKnownFileType = sourcecode.c.h; path = config.h; sourceTree = "<group>"; };
		82D51565202B1F4A00CB44E1 /* length.cpp */ = {isa = PBXFileReference; lastKnownFileType = sourcecode.cpp.cpp; path = length.cpp; sourceTree = "<group>"; };
		82D51566202B1F4A00CB44E1 /* length.hpp */ = {isa = PBXFileReference; lastKnownFileType = sourcecode.cpp.h; path = length.hpp; sourceTree = "<group>"; };
/* End PBXFileReference section */

/* Begin PBXFrameworksBuildPhase section */
		82D51552202B07C700CB44E1 /* Frameworks */ = {
			isa = PBXFrameworksBuildPhase;
			buildActionMask = 2147483647;
			files = (
			);
			runOnlyForDeploymentPostprocessing = 0;
		};
/* End PBXFrameworksBuildPhase section */

/* Begin PBXGroup section */
		82D5154C202B07C700CB44E1 = {
			isa = PBXGroup;
			children = (
				82D51557202B07C700CB44E1 /* sample02 */,
				82D51556202B07C700CB44E1 /* Products */,
			);
			sourceTree = "<group>";
		};
		82D51556202B07C700CB44E1 /* Products */ = {
			isa = PBXGroup;
			children = (
				82D51555202B07C700CB44E1 /* sample02 */,
			);
			name = Products;
			sourceTree = "<group>";
		};
		82D51557202B07C700CB44E1 /* sample02 */ = {
			isa = PBXGroup;
			children = (
				82D51560202B164100CB44E1 /* libs */,
				82D51558202B07C700CB44E1 /* main.cpp */,
				82D51564202B169500CB44E1 /* config.h */,
			);
			path = sample02;
			sourceTree = "<group>";
		};
		82D51560202B164100CB44E1 /* libs */ = {
			isa = PBXGroup;
			children = (
				82D51561202B165D00CB44E1 /* temperature.cpp */,
				82D51562202B165D00CB44E1 /* temperature.hpp */,
				82D51565202B1F4A00CB44E1 /* length.cpp */,
				82D51566202B1F4A00CB44E1 /* length.hpp */,
			);
			path = libs;
			sourceTree = "<group>";
		};
/* End PBXGroup section */

/* Begin PBXNativeTarget section */
		82D51554202B07C700CB44E1 /* sample02 */ = {
			isa = PBXNativeTarget;
			buildConfigurationList = 82D5155C202B07C700CB44E1 /* Build configuration list for PBXNativeTarget "sample02" */;
			buildPhases = (
				82D51551202B07C700CB44E1 /* Sources */,
				82D51552202B07C700CB44E1 /* Frameworks */,
				82D51553202B07C700CB44E1 /* CopyFiles */,
				82D5155F202B07F100CB44E1 /* ShellScript */,
			);
			buildRules = (
			);
			dependencies = (
			);
			name = sample02;
			productName = sample02;
			productReference = 82D51555202B07C700CB44E1 /* sample02 */;
			productType = "com.apple.product-type.tool";
		};
/* End PBXNativeTarget section */

/* Begin PBXProject section */
		82D5154D202B07C700CB44E1 /* Project object */ = {
			isa = PBXProject;
			attributes = {
				LastUpgradeCheck = 0900;
				ORGANIZATIONNAME = Libero_Imac;
				TargetAttributes = {
					82D51554202B07C700CB44E1 = {
						CreatedOnToolsVersion = 9.0;
						ProvisioningStyle = Automatic;
					};
				};
			};
			buildConfigurationList = 82D51550202B07C700CB44E1 /* Build configuration list for PBXProject "sample02" */;
			compatibilityVersion = "Xcode 8.0";
			developmentRegion = en;
			hasScannedForEncodings = 0;
			knownRegions = (
				en,
			);
			mainGroup = 82D5154C202B07C700CB44E1;
			productRefGroup = 82D51556202B07C700CB44E1 /* Products */;
			projectDirPath = "";
			projectRoot = "";
			targets = (
				82D51554202B07C700CB44E1 /* sample02 */,
			);
		};
/* End PBXProject section */

/* Begin PBXShellScriptBuildPhase section */
		82D5155F202B07F100CB44E1 /* ShellScript */ = {
			isa = PBXShellScriptBuildPhase;
			buildActionMask = 2147483647;
			files = (
			);
			inputPaths = (
			);
			outputPaths = (
			);
			runOnlyForDeploymentPostprocessing = 0;
			shellPath = /bin/sh;
			shellScript = $SRCROOT/setup.sh;
		};
/* End PBXShellScriptBuildPhase section */

/* Begin PBXSourcesBuildPhase section */
		82D51551202B07C700CB44E1 /* Sources */ = {
			isa = PBXSourcesBuildPhase;
			buildActionMask = 2147483647;
			files = (
				82D51567202B1F4A00CB44E1 /* length.cpp in Sources */,
				82D51563202B165D00CB44E1 /* temperature.cpp in Sources */,
				82D51559202B07C700CB44E1 /* main.cpp in Sources */,
			);
			runOnlyForDeploymentPostprocessing = 0;
		};
/* End PBXSourcesBuildPhase section */

/* Begin XCBuildConfiguration section */
		82D5155A202B07C700CB44E1 /* Debug */ = {
			isa = XCBuildConfiguration;
			buildSettings = {
				ALWAYS_SEARCH_USER_PATHS = NO;
				CLANG_ANALYZER_NONNULL = YES;
				CLANG_ANALYZER_NUMBER_OBJECT_CONVERSION = YES_AGGRESSIVE;
				CLANG_CXX_LANGUAGE_STANDARD = "gnu++14";
				CLANG_CXX_LIBRARY = "libc++";
				CLANG_ENABLE_MODULES = YES;
				CLANG_ENABLE_OBJC_ARC = YES;
				CLANG_WARN_BLOCK_CAPTURE_AUTORELEASING = YES;
				CLANG_WARN_BOOL_CONVERSION = YES;
				CLANG_WARN_COMMA = YES;
				CLANG_WARN_CONSTANT_CONVERSION = YES;
				CLANG_WARN_DIRECT_OBJC_ISA_USAGE = YES_ERROR;
				CLANG_WARN_DOCUMENTATION_COMMENTS = YES;
				CLANG_WARN_EMPTY_BODY = YES;
				CLANG_WARN_ENUM_CONVERSION = YES;
				CLANG_WARN_INFINITE_RECURSION = YES;
				CLANG_WARN_INT_CONVERSION = YES;
				CLANG_WARN_NON_LITERAL_NULL_CONVERSION = YES;
				CLANG_WARN_OBJC_LITERAL_CONVERSION = YES;
				CLANG_WARN_OBJC_ROOT_CLASS = YES_ERROR;
				CLANG_WARN_RANGE_LOOP_ANALYSIS = YES;
				CLANG_WARN_STRICT_PROTOTYPES = YES;
				CLANG_WARN_SUSPICIOUS_MOVE = YES;
				CLANG_WARN_UNGUARDED_AVAILABILITY = YES_AGGRESSIVE;
				CLANG_WARN_UNREACHABLE_CODE = YES;
				CLANG_WARN__DUPLICATE_METHOD_MATCH = YES;
				CODE_SIGN_IDENTITY = "Mac Developer";
				COPY_PHASE_STRIP = NO;
				DEBUG_INFORMATION_FORMAT = dwarf;
				ENABLE_STRICT_OBJC_MSGSEND = YES;
				ENABLE_TESTABILITY = YES;
				GCC_C_LANGUAGE_STANDARD = gnu11;
				GCC_DYNAMIC_NO_PIC = NO;
				GCC_NO_COMMON_BLOCKS = YES;
				GCC_OPTIMIZATION_LEVEL = 0;
				GCC_PREPROCESSOR_DEFINITIONS = (
					"DEBUG=1",
					"$(inherited)",
				);
				GCC_WARN_64_TO_32_BIT_CONVERSION = YES;
				GCC_WARN_ABOUT_RETURN_TYPE = YES_ERROR;
				GCC_WARN_UNDECLARED_SELECTOR = YES;
				GCC_WARN_UNINITIALIZED_AUTOS = YES_AGGRESSIVE;
				GCC_WARN_UNUSED_FUNCTION = YES;
				GCC_WARN_UNUSED_VARIABLE = YES;
				MACOSX_DEPLOYMENT_TARGET = 10.13;
				MTL_ENABLE_DEBUG_INFO = YES;
				ONLY_ACTIVE_ARCH = YES;
				SDKROOT = macosx;
			};
			name = Debug;
		};
		82D5155B202B07C700CB44E1 /* Release */ = {
			isa = XCBuildConfiguration;
			buildSettings = {
				ALWAYS_SEARCH_USER_PATHS = NO;
				CLANG_ANALYZER_NONNULL = YES;
				CLANG_ANALYZER_NUMBER_OBJECT_CONVERSION = YES_AGGRESSIVE;
				CLANG_CXX_LANGUAGE_STANDARD = "gnu++14";
				CLANG_CXX_LIBRARY = "libc++";
				CLANG_ENABLE_MODULES = YES;
				CLANG_ENABLE_OBJC_ARC = YES;
				CLANG_WARN_BLOCK_CAPTURE_AUTORELEASING = YES;
				CLANG_WARN_BOOL_CONVERSION = YES;
				CLANG_WARN_COMMA = YES;
				CLANG_WARN_CONSTANT_CONVERSION = YES;
				CLANG_WARN_DIRECT_OBJC_ISA_USAGE = YES_ERROR;
				CLANG_WARN_DOCUMENTATION_COMMENTS = YES;
				CLANG_WARN_EMPTY_BODY = YES;
				CLANG_WARN_ENUM_CONVERSION = YES;
				CLANG_WARN_INFINITE_RECURSION = YES;
				CLANG_WARN_INT_CONVERSION = YES;
				CLANG_WARN_NON_LITERAL_NULL_CONVERSION = YES;
				CLANG_WARN_OBJC_LITERAL_CONVERSION = YES;
				CLANG_WARN_OBJC_ROOT_CLASS = YES_ERROR;
				CLANG_WARN_RANGE_LOOP_ANALYSIS = YES;
				CLANG_WARN_STRICT_PROTOTYPES = YES;
				CLANG_WARN_SUSPICIOUS_MOVE = YES;
				CLANG_WARN_UNGUARDED_AVAILABILITY = YES_AGGRESSIVE;
				CLANG_WARN_UNREACHABLE_CODE = YES;
				CLANG_WARN__DUPLICATE_METHOD_MATCH = YES;
				CODE_SIGN_IDENTITY = "Mac Developer";
				COPY_PHASE_STRIP = NO;
				DEBUG_INFORMATION_FORMAT = "dwarf-with-dsym";
				ENABLE_NS_ASSERTIONS = NO;
				ENABLE_STRICT_OBJC_MSGSEND = YES;
				GCC_C_LANGUAGE_STANDARD = gnu11;
				GCC_NO_COMMON_BLOCKS = YES;
				GCC_WARN_64_TO_32_BIT_CONVERSION = YES;
				GCC_WARN_ABOUT_RETURN_TYPE = YES_ERROR;
				GCC_WARN_UNDECLARED_SELECTOR = YES;
				GCC_WARN_UNINITIALIZED_AUTOS = YES_AGGRESSIVE;
				GCC_WARN_UNUSED_FUNCTION = YES;
				GCC_WARN_UNUSED_VARIABLE = YES;
				MACOSX_DEPLOYMENT_TARGET = 10.13;
				MTL_ENABLE_DEBUG_INFO = NO;
				SDKROOT = macosx;
			};
			name = Release;
		};
		82D5155D202B07C700CB44E1 /* Debug */ = {
			isa = XCBuildConfiguration;
			buildSettings = {
				CODE_SIGN_STYLE = Automatic;
				DEVELOPMENT_TEAM = VYE5GTPH3N;
				PRODUCT_NAME = "$(TARGET_NAME)";
			};
			name = Debug;
		};
		82D5155E202B07C700CB44E1 /* Release */ = {
			isa = XCBuildConfiguration;
			buildSettings = {
				CODE_SIGN_STYLE = Automatic;
				DEVELOPMENT_TEAM = VYE5GTPH3N;
				PRODUCT_NAME = "$(TARGET_NAME)";
			};
			name = Release;
		};
/* End XCBuildConfiguration section */

/* Begin XCConfigurationList section */
		82D51550202B07C700CB44E1 /* Build configuration list for PBXProject "sample02" */ = {
			isa = XCConfigurationList;
			buildConfigurations = (
				82D5155A202B07C700CB44E1 /* Debug */,
				82D5155B202B07C700CB44E1 /* Release */,
			);
			defaultConfigurationIsVisible = 0;
			defaultConfigurationName = Release;
		};
		82D5155C202B07C700CB44E1 /* Build configuration list for PBXNativeTarget "sample02" */ = {
			isa = XCConfigurationList;
			buildConfigurations = (
				82D5155D202B07C700CB44E1 /* Debug */,
				82D5155E202B07C700CB44E1 /* Release */,
			);
			defaultConfigurationIsVisible = 0;
			defaultConfigurationName = Release;
		};
/* End XCConfigurationList section */
	};
	rootObject = 82D5154D202B07C700CB44E1 /* Project object */;
}
